# This file is @generated by PDM.
# It is not intended for manual editing.

[metadata]
groups = ["default", "test"]
strategy = ["inherit_metadata"]
lock_version = "4.5.0"
content_hash = "sha256:915839c1b3d8cfe154ff5de8b65fd7a95282f55c13dd556cb57ade9b7ebb549d"

[[metadata.targets]]
requires_python = "==3.12.*"

[[package]]
name = "aiofiles"
version = "25.1.0"
requires_python = ">=3.9"
summary = "File support for asyncio."
groups = ["default"]
files = [
    {file = "aiofiles-25.1.0-py3-none-any.whl", hash = "sha256:abe311e527c862958650f9438e859c1fa7568a141b22abcd015e120e86a85695"},
    {file = "aiofiles-25.1.0.tar.gz", hash = "sha256:a8d728f0a29de45dc521f18f07297428d56992a742f0cd2701ba86e44d23d5b2"},
]

[[package]]
name = "aiogram"
version = "3.28.2"
requires_python = "<3.15,>=3.10"
summary = "Modern and fully asynchronous framework for Telegram Bot API"
groups = ["default"]
dependencies = [
    "aiofiles<26.0,>=23.2.1",
    "aiohttp<3.14,>=3.9.0",
    "certifi>=2023.7.22",
    "magic-filter<1.1,>=1.0.12",
    "pydantic<2.14,>=2.4.1",
    "typing-extensions<=5.0,>=4.7.0",
]
files = [
    {file = "aiogram-3.28.2-py3-none-any.whl", hash = "sha256:8a90cdf75a64ba629468f73b6e999662943fff39db213bb406afe114a3e8c0f2"},
    {file = "aiogram-3.28.2.tar.gz", hash = "sha256:140913a569516811c4ce576a292491024c8d8a739c47150d64a05aa4adc35310"},
]

[[package]]
name = "aiohappyeyeballs"
version = "2.6.1"
requires_python = ">=3.9"
summary = "Happy Eyeballs for asyncio"
groups = ["default"]
files = [
    {file = "aiohappyeyeballs-2.6.1-py3-none-any.whl", hash = "sha256:f349ba8f4b75cb25c99c5c2d84e997e485204d2902a9597802b0371f09331fb8"},
    {file = "aiohappyeyeballs-2.6.1.tar.gz", hash = "sha256:c3f9d0113123803ccadfdf3f0faa505bc78e6a72d1cc4806cbd719826e943558"},
]

[[package]]
name = "aiohttp"
version = "3.13.5"
requires_python = ">=3.9"
summary = "Async http client/server framework (asyncio)"
groups = ["default"]
dependencies = [
    "aiohappyeyeballs>=2.5.0",
    "aiosignal>=1.4.0",
    "async-timeout<6.0,>=4.0; python_version < \"3.11\"",
    "attrs>=17.3.0",
    "frozenlist>=1.1.1",
    "multidict<7.0,>=4.5",
    "propcache>=0.2.0",
    "yarl<2.0,>=1.17.0",
]
files = [
    {file = "aiohttp-3.13.5-cp312-cp312-macosx_10_13_universal2.whl", hash = "sha256:023ecba036ddd840b0b19bf195bfae970083fd7024ce1ac22e9bba90464620e9"},
    {file = "aiohttp-3.13.5-cp312-cp312-macosx_10_13_x86_64.whl", hash = "sha256:15c933ad7920b7d9a20de151efcd05a6e38302cbf0e10c9b2acb9a42210a2416"},
    {file = "aiohttp-3.13.5-cp312-cp312-macosx_11_0_arm64.whl", hash = "sha256:ab2899f9fa2f9f741896ebb6fa07c4c883bfa5c7f2ddd8cf2aafa86fa981b2d2"},
    {file = "aiohttp-3.13.5-cp312-cp312-manylinux2014_aarch64.manylinux_2_17_aarch64.manylinux_2_28_aarch64.whl", hash = "sha256:a60eaa2d440cd4707696b52e40ed3e2b0f73f65be07fd0ef23b6b539c9c0b0b4"},
    {file = "aiohttp-3.13.5-cp312-cp312-manylinux2014_armv7l.manylinux_2_17_armv7l.manylinux_2_31_armv7l.whl", hash = "sha256:55b3bdd3292283295774ab585160c4004f4f2f203946997f49aac032c84649e9"},
    {file = "aiohttp-3.13.5-cp312-cp312-manylinux2014_ppc64le.manylinux_2_17_ppc64le.manylinux_2_28_ppc64le.whl", hash = "sha256:c2b2355dc094e5f7d45a7bb262fe7207aa0460b37a0d87027dcf21b5d890e7d5"},
    {file = "aiohttp-3.13.5-cp312-cp312-manylinux2014_s390x.manylinux_2_17_s390x.manylinux_2_28_s390x.whl", hash = "sha256:b38765950832f7d728297689ad78f5f2cf79ff82487131c4d26fe6ceecdc5f8e"},
    {file = "aiohttp-3.13.5-cp312-cp312-manylinux2014_x86_64.manylinux_2_17_x86_64.manylinux_2_28_x86_64.whl", hash = "sha256:b18f31b80d5a33661e08c89e202edabf1986e9b49c42b4504371daeaa11b47c1"},
    {file = "aiohttp-3.13.5-cp312-cp312-manylinux_2_31_riscv64.manylinux_2_39_riscv64.whl", hash = "sha256:33add2463dde55c4f2d9635c6ab33ce154e5ecf322bd26d09af95c5f81cfa286"},
    {file = "aiohttp-3.13.5-cp312-cp312-musllinux_1_2_aarch64.whl", hash = "sha256:327cc432fdf1356fb4fbc6fe833ad4e9f6aacb71a8acaa5f1855e4b25910e4a9"},
    {file = "aiohttp-3.13.5-cp312-cp312-musllinux_1_2_armv7l.whl", hash = "sha256:7c35b0bf0b48a70b4cb4fc5d7bed9b932532728e124874355de1a0af8ec4bc88"},
    {file = "aiohttp-3.13.5-cp312-cp312-musllinux_1_2_ppc64le.whl", hash = "sha256:df23d57718f24badef8656c49743e11a89fd6f5358fa8a7b96e728fda2abf7d3"},
    {file = "aiohttp-3.13.5-cp312-cp312-musllinux_1_2_riscv64.whl", hash = "sha256:02e048037a6501a5ec1f6fc9736135aec6eb8a004ce48838cb951c515f32c80b"},
    {file = "aiohttp-3.13.5-cp312-cp312-musllinux_1_2_s390x.whl", hash = "sha256:31cebae8b26f8a615d2b546fee45d5ffb76852ae6450e2a03f42c9102260d6fe"},
    {file = "aiohttp-3.13.5-cp312-cp312-musllinux_1_2_x86_64.whl", hash = "sha256:888e78eb5ca55a615d285c3c09a7a91b42e9dd6fc699b166ebd5dee87c9ccf14"},
    {file = "aiohttp-3.13.5-cp312-cp312-win32.whl", hash = "sha256:8bd3ec6376e68a41f9f95f5ed170e2fcf22d4eb27a1f8cb361d0508f6e0557f3"},
    {file = "aiohttp-3.13.5-cp312-cp312-win_amd64.whl", hash = "sha256:110e448e02c729bcebb18c60b9214a87ba33bac4a9fa5e9a5f139938b56c6cb1"},
    {file = "aiohttp-3.13.5.tar.gz", hash = "sha256:9d98cc980ecc96be6eb4c1994ce35d28d8b1f5e5208a23b421187d1209dbb7d1"},
]

[[package]]
name = "aiosignal"
version = "1.4.0"
requires_python = ">=3.9"
summary = "aiosignal: a list of registered asynchronous callbacks"
groups = ["default"]
dependencies = [
    "frozenlist>=1.1.0",
    "typing-extensions>=4.2; python_version < \"3.13\"",
]
files = [
    {file = "aiosignal-1.4.0-py3-none-any.whl", hash = "sha256:053243f8b92b990551949e63930a839ff0cf0b0ebbe0597b0f3fb19e1a0fe82e"},
    {file = "aiosignal-1.4.0.tar.gz", hash = "sha256:f47eecd9468083c2029cc99945502cb7708b082c232f9aca65da147157b251c7"},
]

[[package]]
name = "annotated-doc"
version = "0.0.4"
requires_python = ">=3.8"
summary = "Document parameters, class attributes, return types, and variables inline, with Annotated."
groups = ["default"]
files = [
    {file = "annotated_doc-0.0.4-py3-none-any.whl", hash = "sha256:571ac1dc6991c450b25a9c2d84a3705e2ae7a53467b5d111c24fa8baabbed320"},
    {file = "annotated_doc-0.0.4.tar.gz", hash = "sha256:fbcda96e87e9c92ad167c2e53839e57503ecfda18804ea28102353485033faa4"},
]

[[package]]
name = "annotated-types"
version = "0.7.0"
requires_python = ">=3.8"
summary = "Reusable constraint types to use with typing.Annotated"
groups = ["default"]
dependencies = [
    "typing-extensions>=4.0.0; python_version < \"3.9\"",
]
files = [
    {file = "annotated_types-0.7.0-py3-none-any.whl", hash = "sha256:1f02e8b43a8fbbc3f3e0d4f0f4bfc8131bcb4eebe8849b8e5c773f3a1c582a53"},
    {file = "annotated_types-0.7.0.tar.gz", hash = "sha256:aff07c09a53a08bc8cfccb9c85b05f1aa9a2a6f23728d790723543408344ce89"},
]

[[package]]
name = "anyio"
version = "4.13.0"
requires_python = ">=3.10"
summary = "High-level concurrency and networking framework on top of asyncio or Trio"
groups = ["default"]
dependencies = [
    "exceptiongroup>=1.0.2; python_version < \"3.11\"",
    "idna>=2.8",
    "typing-extensions>=4.5; python_version < \"3.13\"",
]
files = [
    {file = "anyio-4.13.0-py3-none-any.whl", hash = "sha256:08b310f9e24a9594186fd75b4f73f4a4152069e3853f1ed8bfbf58369f4ad708"},
    {file = "anyio-4.13.0.tar.gz", hash = "sha256:334b70e641fd2221c1505b3890c69882fe4a2df910cba14d97019b90b24439dc"},
]

[[package]]
name = "attrs"
version = "26.1.0"
requires_python = ">=3.9"
summary = "Classes Without Boilerplate"
groups = ["default"]
files = [
    {file = "attrs-26.1.0-py3-none-any.whl", hash = "sha256:c647aa4a12dfbad9333ca4e71fe62ddc36f4e63b2d260a37a8b83d2f043ac309"},
    {file = "attrs-26.1.0.tar.gz", hash = "sha256:d03ceb89cb322a8fd706d4fb91940737b6642aa36998fe130a9bc96c985eff32"},
]

[[package]]
name = "certifi"
version = "2026.4.22"
requires_python = ">=3.7"
summary = "Python package for providing Mozilla's CA Bundle."
groups = ["default"]
files = [
    {file = "certifi-2026.4.22-py3-none-any.whl", hash = "sha256:3cb2210c8f88ba2318d29b0388d1023c8492ff72ecdde4ebdaddbb13a31b1c4a"},
    {file = "certifi-2026.4.22.tar.gz", hash = "sha256:8d455352a37b71bf76a79caa83a3d6c25afee4a385d632127b6afb3963f1c580"},
]

[[package]]
name = "click"
version = "8.3.3"
requires_python = ">=3.10"
summary = "Composable command line interface toolkit"
groups = ["default"]
dependencies = [
    "colorama; platform_system == \"Windows\"",
]
files = [
    {file = "click-8.3.3-py3-none-any.whl", hash = "sha256:a2bf429bb3033c89fa4936ffb35d5cb471e3719e1f3c8a7c3fff0b8314305613"},
    {file = "click-8.3.3.tar.gz", hash = "sha256:398329ad4837b2ff7cbe1dd166a4c0f8900c3ca3a218de04466f38f6497f18a2"},
]

[[package]]
name = "colorama"
version = "0.4.6"
requires_python = "!=3.0.*,!=3.1.*,!=3.2.*,!=3.3.*,!=3.4.*,!=3.5.*,!=3.6.*,>=2.7"
summary = "Cross-platform colored terminal text."
groups = ["default", "test"]
marker = "sys_platform == \"win32\" or platform_system == \"Windows\""
files = [
    {file = "colorama-0.4.6-py2.py3-none-any.whl", hash = "sha256:4f1d9991f5acc0ca119f9d443620b77f9d6b33703e51011c16baf57afb285fc6"},
    {file = "colorama-0.4.6.tar.gz", hash = "sha256:08695f5cb7ed6e0531a20572697297273c47b8cae5a63ffc6d6ed5c201be6e44"},
]

[[package]]
name = "coverage"
version = "7.14.0"
requires_python = ">=3.10"
summary = "Code coverage measurement for Python"
groups = ["test"]
files = [
    {file = "coverage-7.14.0-cp312-cp312-macosx_10_13_x86_64.whl", hash = "sha256:7ffd19fc8aed057fd686a17a4935eef5f9859d69208f96310e893e64b9b6ccf5"},
    {file = "coverage-7.14.0-cp312-cp312-macosx_11_0_arm64.whl", hash = "sha256:829994cfe1aeb773ca27bf246d4badc1e764893e3bfb98fff820fcecd1ca4662"},
    {file = "coverage-7.14.0-cp312-cp312-manylinux1_i686.manylinux_2_28_i686.manylinux_2_5_i686.whl", hash = "sha256:b4f07cf7edcb7ec39431a5074d7ea83b29a9f71fcfc494f0f40af4e65180420f"},
    {file = "coverage-7.14.0-cp312-cp312-manylinux1_x86_64.manylinux_2_28_x86_64.manylinux_2_5_x86_64.whl", hash = "sha256:ca3d9cf2c32b521bd9518385608787fa86f38daf993695307531822c3430ed67"},
    {file = "coverage-7.14.0-cp312-cp312-manylinux2014_aarch64.manylinux_2_17_aarch64.manylinux_2_28_aarch64.whl", hash = "sha256:92af52828e7f29d827346b0294e5a0853fa206db77db0395b282918d41e28db9"},
    {file = "coverage-7.14.0-cp312-cp312-manylinux2014_ppc64le.manylinux_2_17_ppc64le.manylinux_2_28_ppc64le.whl", hash = "sha256:7b2bb6c9d7e769360d0f20a0f219603fd64f0c8f97de17ab25853261602be0fb"},
    {file = "coverage-7.14.0-cp312-cp312-manylinux_2_31_riscv64.manylinux_2_39_riscv64.whl", hash = "sha256:1c9ed6ef99f88fb8c14aa8e2bf8eb0fe55fa2edfea68f8675d78741df1a5ac0e"},
    {file = "coverage-7.14.0-cp312-cp312-musllinux_1_2_aarch64.whl", hash = "sha256:8231ade007f37959fbf58acc677f26b922c02eda6f0428ea307da0fd39681bf3"},
    {file = "coverage-7.14.0-cp312-cp312-musllinux_1_2_i686.whl", hash = "sha256:d8b013632cc1ce1d09dbe4f32667b4d320ec2f54fc326ebeffcd0b0bcc2bb6c4"},
    {file = "coverage-7.14.0-cp312-cp312-musllinux_1_2_ppc64le.whl", hash = "sha256:1733198802d71ec4c524f322e2867ee05c62e9e75df86bdca545407a221827d1"},
    {file = "coverage-7.14.0-cp312-cp312-musllinux_1_2_riscv64.whl", hash = "sha256:72a305291fa8ee01332f1aaf38b348ca34097f6aa0b0ef627eef2837e57bbba5"},
    {file = "coverage-7.14.0-cp312-cp312-musllinux_1_2_x86_64.whl", hash = "sha256:fcaba850dd317c65423a9d63d88f9573c53b00354d6dd95724576cc98a131595"},
    {file = "coverage-7.14.0-cp312-cp312-win32.whl", hash = "sha256:5ac83957a80d0701310e96d8bec68cdcf4f90a7674b7d13f15a344315b41ab27"},
    {file = "coverage-7.14.0-cp312-cp312-win_amd64.whl", hash = "sha256:70390b0da32cb90b501953716302906e8bcce087cb283e70d8c97729f22e92b2"},
    {file = "coverage-7.14.0-cp312-cp312-win_arm64.whl", hash = "sha256:91b993743d959b8be85b4abf9d5478216a69329c321efe5be0433c1a841d691d"},
    {file = "coverage-7.14.0-py3-none-any.whl", hash = "sha256:8de5b61163aee3d05c8a2beab6f47913df7981dad1baf82c414d99158c286ab1"},
    {file = "coverage-7.14.0.tar.gz", hash = "sha256:057a6af2f160a85384cde4ab36f0d2777bae1057bae255f95413cdd382aa5c74"},
]

[[package]]
name = "coverage"
version = "7.14.0"
extras = ["toml"]
requires_python = ">=3.10"
summary = "Code coverage measurement for Python"
groups = ["test"]
dependencies = [
    "coverage==7.14.0",
    "tomli; python_full_version <= \"3.11.0a6\"",
]
files = [
    {file = "coverage-7.14.0-cp312-cp312-macosx_10_13_x86_64.whl", hash = "sha256:7ffd19fc8aed057fd686a17a4935eef5f9859d69208f96310e893e64b9b6ccf5"},
    {file = "coverage-7.14.0-cp312-cp312-macosx_11_0_arm64.whl", hash = "sha256:829994cfe1aeb773ca27bf246d4badc1e764893e3bfb98fff820fcecd1ca4662"},
    {file = "coverage-7.14.0-cp312-cp312-manylinux1_i686.manylinux_2_28_i686.manylinux_2_5_i686.whl", hash = "sha256:b4f07cf7edcb7ec39431a5074d7ea83b29a9f71fcfc494f0f40af4e65180420f"},
    {file = "coverage-7.14.0-cp312-cp312-manylinux1_x86_64.manylinux_2_28_x86_64.manylinux_2_5_x86_64.whl", hash = "sha256:ca3d9cf2c32b521bd9518385608787fa86f38daf993695307531822c3430ed67"},
    {file = "coverage-7.14.0-cp312-cp312-manylinux2014_aarch64.manylinux_2_17_aarch64.manylinux_2_28_aarch64.whl", hash = "sha256:92af52828e7f29d827346b0294e5a0853fa206db77db0395b282918d41e28db9"},
    {file = "coverage-7.14.0-cp312-cp312-manylinux2014_ppc64le.manylinux_2_17_ppc64le.manylinux_2_28_ppc64le.whl", hash = "sha256:7b2bb6c9d7e769360d0f20a0f219603fd64f0c8f97de17ab25853261602be0fb"},
    {file = "coverage-7.14.0-cp312-cp312-manylinux_2_31_riscv64.manylinux_2_39_riscv64.whl", hash = "sha256:1c9ed6ef99f88fb8c14aa8e2bf8eb0fe55fa2edfea68f8675d78741df1a5ac0e"},
    {file = "coverage-7.14.0-cp312-cp312-musllinux_1_2_aarch64.whl", hash = "sha256:8231ade007f37959fbf58acc677f26b922c02eda6f0428ea307da0fd39681bf3"},
    {file = "coverage-7.14.0-cp312-cp312-musllinux_1_2_i686.whl", hash = "sha256:d8b013632cc1ce1d09dbe4f32667b4d320ec2f54fc326ebeffcd0b0bcc2bb6c4"},
    {file = "coverage-7.14.0-cp312-cp312-musllinux_1_2_ppc64le.whl", hash = "sha256:1733198802d71ec4c524f322e2867ee05c62e9e75df86bdca545407a221827d1"},
    {file = "coverage-7.14.0-cp312-cp312-musllinux_1_2_riscv64.whl", hash = "sha256:72a305291fa8ee01332f1aaf38b348ca34097f6aa0b0ef627eef2837e57bbba5"},
    {file = "coverage-7.14.0-cp312-cp312-musllinux_1_2_x86_64.whl", hash = "sha256:fcaba850dd317c65423a9d63d88f9573c53b00354d6dd95724576cc98a131595"},
    {file = "coverage-7.14.0-cp312-cp312-win32.whl", hash = "sha256:5ac83957a80d0701310e96d8bec68cdcf4f90a7674b7d13f15a344315b41ab27"},
    {file = "coverage-7.14.0-cp312-cp312-win_amd64.whl", hash = "sha256:70390b0da32cb90b501953716302906e8bcce087cb283e70d8c97729f22e92b2"},
    {file = "coverage-7.14.0-cp312-cp312-win_arm64.whl", hash = "sha256:91b993743d959b8be85b4abf9d5478216a69329c321efe5be0433c1a841d691d"},
    {file = "coverage-7.14.0-py3-none-any.whl", hash = "sha256:8de5b61163aee3d05c8a2beab6f47913df7981dad1baf82c414d99158c286ab1"},
    {file = "coverage-7.14.0.tar.gz", hash = "sha256:057a6af2f160a85384cde4ab36f0d2777bae1057bae255f95413cdd382aa5c74"},
]

[[package]]
name = "dotenv"
version = "0.9.9"
summary = "Deprecated package"
groups = ["default"]
dependencies = [
    "python-dotenv",
]
files = [
    {file = "dotenv-0.9.9-py2.py3-none-any.whl", hash = "sha256:29cf74a087b31dafdb5a446b6d7e11cbce8ed2741540e2339c69fbef92c94ce9"},
]

[[package]]
name = "fastapi"
version = "0.136.1"
requires_python = ">=3.10"
summary = "FastAPI framework, high performance, easy to learn, fast to code, ready for production"
groups = ["default"]
dependencies = [
    "annotated-doc>=0.0.2",
    "pydantic>=2.9.0",
    "starlette>=0.46.0",
    "typing-extensions>=4.8.0",
    "typing-inspection>=0.4.2",
]
files = [
    {file = "fastapi-0.136.1-py3-none-any.whl", hash = "sha256:a6e9d7eeada96c93a4d69cb03836b44fa34e2854accb7244a1ece36cd4781c3f"},
    {file = "fastapi-0.136.1.tar.gz", hash = "sha256:7af665ad7acfa0a3baf8983d393b6b471b9da10ede59c60045f49fbc89a0fa7f"},
]

[[package]]
name = "frozenlist"
version = "1.8.0"
requires_python = ">=3.9"
summary = "A list-like structure which implements collections.abc.MutableSequence"
groups = ["default"]
files = [
    {file = "frozenlist-1.8.0-cp312-cp312-macosx_10_13_universal2.whl", hash = "sha256:78f7b9e5d6f2fdb88cdde9440dc147259b62b9d3b019924def9f6478be254ac1"},
    {file = "frozenlist-1.8.0-cp312-cp312-macosx_10_13_x86_64.whl", hash = "sha256:229bf37d2e4acdaf808fd3f06e854a4a7a3661e871b10dc1f8f1896a3b05f18b"},
    {file = "frozenlist-1.8.0-cp312-cp312-macosx_11_0_arm64.whl", hash = "sha256:f833670942247a14eafbb675458b4e61c82e002a148f49e68257b79296e865c4"},
    {file = "frozenlist-1.8.0-cp312-cp312-manylinux1_x86_64.manylinux_2_28_x86_64.manylinux_2_5_x86_64.whl", hash = "sha256:494a5952b1c597ba44e0e78113a7266e656b9794eec897b19ead706bd7074383"},
    {file = "frozenlist-1.8.0-cp312-cp312-manylinux2014_aarch64.manylinux_2_17_aarch64.manylinux_2_28_aarch64.whl", hash = "sha256:96f423a119f4777a4a056b66ce11527366a8bb92f54e541ade21f2374433f6d4"},
    {file = "frozenlist-1.8.0-cp312-cp312-manylinux2014_armv7l.manylinux_2_17_armv7l.manylinux_2_31_armv7l.whl", hash = "sha256:3462dd9475af2025c31cc61be6652dfa25cbfb56cbbf52f4ccfe029f38decaf8"},
    {file = "frozenlist-1.8.0-cp312-cp312-manylinux2014_ppc64le.manylinux_2_17_ppc64le.manylinux_2_28_ppc64le.whl", hash = "sha256:c4c800524c9cd9bac5166cd6f55285957fcfc907db323e193f2afcd4d9abd69b"},
    {file = "frozenlist-1.8.0-cp312-cp312-manylinux2014_s390x.manylinux_2_17_s390x.manylinux_2_28_s390x.whl", hash = "sha256:d6a5df73acd3399d893dafc71663ad22534b5aa4f94e8a2fabfe856c3c1b6a52"},
    {file = "frozenlist-1.8.0-cp312-cp312-musllinux_1_2_aarch64.whl", hash = "sha256:405e8fe955c2280ce66428b3ca55e12b3c4e9c336fb2103a4937e891c69a4a29"},
    {file = "frozenlist-1.8.0-cp312-cp312-musllinux_1_2_armv7l.whl", hash = "sha256:908bd3f6439f2fef9e85031b59fd4f1297af54415fb60e4254a95f75b3cab3f3"},
    {file = "frozenlist-1.8.0-cp312-cp312-musllinux_1_2_ppc64le.whl", hash = "sha256:294e487f9ec720bd8ffcebc99d575f7eff3568a08a253d1ee1a0378754b74143"},
    {file = "frozenlist-1.8.0-cp312-cp312-musllinux_1_2_s390x.whl", hash = "sha256:74c51543498289c0c43656701be6b077f4b265868fa7f8a8859c197006efb608"},
    {file = "frozenlist-1.8.0-cp312-cp312-musllinux_1_2_x86_64.whl", hash = "sha256:776f352e8329135506a1d6bf16ac3f87bc25b28e765949282dcc627af36123aa"},
    {file = "frozenlist-1.8.0-cp312-cp312-win32.whl", hash = "sha256:433403ae80709741ce34038da08511d4a77062aa924baf411ef73d1146e74faf"},
    {file = "frozenlist-1.8.0-cp312-cp312-win_amd64.whl", hash = "sha256:34187385b08f866104f0c0617404c8eb08165ab1272e884abc89c112e9c00746"},
    {file = "frozenlist-1.8.0-cp312-cp312-win_arm64.whl", hash = "sha256:fe3c58d2f5db5fbd18c2987cba06d51b0529f52bc3a6cdc33d3f4eab725104bd"},
    {file = "frozenlist-1.8.0-py3-none-any.whl", hash = "sha256:0c18a16eab41e82c295618a77502e17b195883241c563b00f0aa5106fc4eaa0d"},
    {file = "frozenlist-1.8.0.tar.gz", hash = "sha256:3ede829ed8d842f6cd48fc7081d7a41001a56f1f38603f9d49bf3020d59a31ad"},
]

[[package]]
name = "h11"
version = "0.16.0"
requires_python = ">=3.8"
summary = "A pure-Python, bring-your-own-I/O implementation of HTTP/1.1"
groups = ["default"]
files = [
    {file = "h11-0.16.0-py3-none-any.whl", hash = "sha256:63cf8bbe7522de3bf65932fda1d9c2772064ffb3dae62d55932da54b31cb6c86"},
    {file = "h11-0.16.0.tar.gz", hash = "sha256:4e35b956cf45792e4caa5885e69fba00bdbc6ffafbfa020300e549b208ee5ff1"},
]

[[package]]
name = "idna"
version = "3.15"
requires_python = ">=3.8"
summary = "Internationalized Domain Names in Applications (IDNA)"
groups = ["default"]
files = [
    {file = "idna-3.15-py3-none-any.whl", hash = "sha256:048adeaf8c2d788c40fee287673ccaa74c24ffd8dcf09ffa555a2fbb59f10ac8"},
    {file = "idna-3.15.tar.gz", hash = "sha256:ca962446ea538f7092a95e057da437618e886f4d349216d2b1e294abfdb65fdc"},
]

[[package]]
name = "iniconfig"
version = "2.3.0"
requires_python = ">=3.10"
summary = "brain-dead simple config-ini parsing"
groups = ["test"]
files = [
    {file = "iniconfig-2.3.0-py3-none-any.whl", hash = "sha256:f631c04d2c48c52b84d0d0549c99ff3859c98df65b3101406327ecc7d53fbf12"},
    {file = "iniconfig-2.3.0.tar.gz", hash = "sha256:c76315c77db068650d49c5b56314774a7804df16fee4402c1f19d6d15d8c4730"},
]

[[package]]
name = "magic-filter"
version = "1.0.12"
requires_python = ">=3.7"
summary = ""
groups = ["default"]
files = [
    {file = "magic_filter-1.0.12-py3-none-any.whl", hash = "sha256:e5929e544f310c2b1f154318db8c5cdf544dd658efa998172acd2e4ba0f6c6a6"},
    {file = "magic_filter-1.0.12.tar.gz", hash = "sha256:4751d0b579a5045d1dc250625c4c508c18c3def5ea6afaf3957cb4530d03f7f9"},
]

[[package]]
name = "multidict"
version = "6.7.1"
requires_python = ">=3.9"
summary = "multidict implementation"
groups = ["default"]
dependencies = [
    "typing-extensions>=4.1.0; python_version < \"3.11\"",
]
files = [
    {file = "multidict-6.7.1-cp312-cp312-macosx_10_13_universal2.whl", hash = "sha256:a90f75c956e32891a4eda3639ce6dd86e87105271f43d43442a3aedf3cddf172"},
    {file = "multidict-6.7.1-cp312-cp312-macosx_10_13_x86_64.whl", hash = "sha256:3fccb473e87eaa1382689053e4a4618e7ba7b9b9b8d6adf2027ee474597128cd"},
    {file = "multidict-6.7.1-cp312-cp312-macosx_11_0_arm64.whl", hash = "sha256:b0fa96985700739c4c7853a43c0b3e169360d6855780021bfc6d0f1ce7c123e7"},
    {file = "multidict-6.7.1-cp312-cp312-manylinux1_i686.manylinux_2_28_i686.manylinux_2_5_i686.whl", hash = "sha256:cb2a55f408c3043e42b40cc8eecd575afa27b7e0b956dfb190de0f8499a57a53"},
    {file = "multidict-6.7.1-cp312-cp312-manylinux2014_aarch64.manylinux_2_17_aarch64.manylinux_2_28_aarch64.whl", hash = "sha256:eb0ce7b2a32d09892b3dd6cc44877a0d02a33241fafca5f25c8b6b62374f8b75"},
    {file = "multidict-6.7.1-cp312-cp312-manylinux2014_armv7l.manylinux_2_17_armv7l.manylinux_2_31_armv7l.whl", hash = "sha256:c3a32d23520ee37bf327d1e1a656fec76a2edd5c038bf43eddfa0572ec49c60b"},
    {file = "multidict-6.7.1-cp312-cp312-manylinux2014_ppc64le.manylinux_2_17_ppc64le.manylinux_2_28_ppc64le.whl", hash = "sha256:9c90fed18bffc0189ba814749fdcc102b536e83a9f738a9003e569acd540a733"},
    {file = "multidict-6.7.1-cp312-cp312-manylinux2014_s390x.manylinux_2_17_s390x.manylinux_2_28_s390x.whl", hash = "sha256:da62917e6076f512daccfbbde27f46fed1c98fee202f0559adec8ee0de67f71a"},
    {file = "multidict-6.7.1-cp312-cp312-manylinux2014_x86_64.manylinux_2_17_x86_64.manylinux_2_28_x86_64.whl", hash = "sha256:bfde23ef6ed9db7eaee6c37dcec08524cb43903c60b285b172b6c094711b3961"},
    {file = "multidict-6.7.1-cp312-cp312-musllinux_1_2_aarch64.whl", hash = "sha256:3758692429e4e32f1ba0df23219cd0b4fc0a52f476726fff9337d1a57676a582"},
    {file = "multidict-6.7.1-cp312-cp312-musllinux_1_2_armv7l.whl", hash = "sha256:398c1478926eca669f2fd6a5856b6de9c0acf23a2cb59a14c0ba5844fa38077e"},
    {file = "multidict-6.7.1-cp312-cp312-musllinux_1_2_i686.whl", hash = "sha256:c102791b1c4f3ab36ce4101154549105a53dc828f016356b3e3bcae2e3a039d3"},
    {file = "multidict-6.7.1-cp312-cp312-musllinux_1_2_ppc64le.whl", hash = "sha256:a088b62bd733e2ad12c50dad01b7d0166c30287c166e137433d3b410add807a6"},
    {file = "multidict-6.7.1-cp312-cp312-musllinux_1_2_s390x.whl", hash = "sha256:3d51ff4785d58d3f6c91bdbffcb5e1f7ddfda557727043aa20d20ec4f65e324a"},
    {file = "multidict-6.7.1-cp312-cp312-musllinux_1_2_x86_64.whl", hash = "sha256:fc5907494fccf3e7d3f94f95c91d6336b092b5fc83811720fae5e2765890dfba"},
    {file = "multidict-6.7.1-cp312-cp312-win32.whl", hash = "sha256:28ca5ce2fd9716631133d0e9a9b9a745ad7f60bac2bccafb56aa380fc0b6c511"},
    {file = "multidict-6.7.1-cp312-cp312-win_amd64.whl", hash = "sha256:fcee94dfbd638784645b066074b338bc9cc155d4b4bffa4adce1615c5a426c19"},
    {file = "multidict-6.7.1-cp312-cp312-win_arm64.whl", hash = "sha256:ba0a9fb644d0c1a2194cf7ffb043bd852cea63a57f66fbd33959f7dae18517bf"},
    {file = "multidict-6.7.1-py3-none-any.whl", hash = "sha256:55d97cc6dae627efa6a6e548885712d4864b81110ac76fa4e534c03819fa4a56"},
    {file = "multidict-6.7.1.tar.gz", hash = "sha256:ec6652a1bee61c53a3e5776b6049172c53b6aaba34f18c9ad04f82712bac623d"},
]

[[package]]
name = "packaging"
version = "26.2"
requires_python = ">=3.8"
summary = "Core utilities for Python packages"
groups = ["test"]
files = [
    {file = "packaging-26.2-py3-none-any.whl", hash = "sha256:5fc45236b9446107ff2415ce77c807cee2862cb6fac22b8a73826d0693b0980e"},
    {file = "packaging-26.2.tar.gz", hash = "sha256:ff452ff5a3e828ce110190feff1178bb1f2ea2281fa2075aadb987c2fb221661"},
]

[[package]]
name = "pluggy"
version = "1.6.0"
requires_python = ">=3.9"
summary = "plugin and hook calling mechanisms for python"
groups = ["test"]
files = [
    {file = "pluggy-1.6.0-py3-none-any.whl", hash = "sha256:e920276dd6813095e9377c0bc5566d94c932c33b27a3e3945d8389c374dd4746"},
    {file = "pluggy-1.6.0.tar.gz", hash = "sha256:7dcc130b76258d33b90f61b658791dede3486c3e6bfb003ee5c9bfb396dd22f3"},
]

[[package]]
name = "propcache"
version = "0.5.2"
requires_python = ">=3.10"
summary = "Accelerated property cache"
groups = ["default"]
files = [
    {file = "propcache-0.5.2-cp312-cp312-macosx_10_13_universal2.whl", hash = "sha256:806719138ecd720339a12410fb9614ac9b2b2d3a5fdf8235d56981c36f4039ba"},
    {file = "propcache-0.5.2-cp312-cp312-macosx_10_13_x86_64.whl", hash = "sha256:db2b80ea58eab4f86b2beec3cc8b39e8ff9276ac20e96b7cce43c8ae84cd6b5a"},
    {file = "propcache-0.5.2-cp312-cp312-macosx_11_0_arm64.whl", hash = "sha256:e5cbfac9f61484f7e9f3597775500cd3ebe8274e9b050c38f9525c77c97520bf"},
    {file = "propcache-0.5.2-cp312-cp312-manylinux2014_aarch64.manylinux_2_17_aarch64.manylinux_2_28_aarch64.whl", hash = "sha256:5dbc581d2814337da56222fab8dc5f161cd798a434e49bac27930aaef798e144"},
    {file = "propcache-0.5.2-cp312-cp312-manylinux2014_ppc64le.manylinux_2_17_ppc64le.manylinux_2_28_ppc64le.whl", hash = "sha256:857187f381f88c8e2fa2fe56ab94879d011b883d5a2ee5a1b60a8cd2a06846d9"},
    {file = "propcache-0.5.2-cp312-cp312-manylinux2014_s390x.manylinux_2_17_s390x.manylinux_2_28_s390x.whl", hash = "sha256:178b4a2cdaac1818e2bf1c5a99b94383fa73ea5382e032a48dec07dc5668dc42"},
    {file = "propcache-0.5.2-cp312-cp312-manylinux2014_x86_64.manylinux_2_17_x86_64.manylinux_2_28_x86_64.whl", hash = "sha256:6f328175a2cde1f0ff2c4ed8ce968b9dcfb55f3a7153f39e2957ed994da13476"},
    {file = "propcache-0.5.2-cp312-cp312-manylinux_2_31_riscv64.manylinux_2_39_riscv64.whl", hash = "sha256:5671d09a36b06d0fd4a3da0fccbcae360e9b1570924171a15e9e0997f0249fba"},
    {file = "propcache-0.5.2-cp312-cp312-musllinux_1_2_aarch64.whl", hash = "sha256:80168e2ebe4d3ec6599d10ad8f520304ae1cad9b6c5a95372aef1b66b7bfb53a"},
    {file = "propcache-0.5.2-cp312-cp312-musllinux_1_2_armv7l.whl", hash = "sha256:45f11346f884bc47444f6e6647131055844134c3175b629f84952e2b5cd62b64"},
    {file = "propcache-0.5.2-cp312-cp312-musllinux_1_2_ppc64le.whl", hash = "sha256:8e778ebd44ef4f66ed60a0416b06b489687db264a9c0b3620362f26489492913"},
    {file = "propcache-0.5.2-cp312-cp312-musllinux_1_2_riscv64.whl", hash = "sha256:c0cb9ed24c8964e172768d455a38254c2dd8a552905729ce006cad3d3dda59b1"},
    {file = "propcache-0.5.2-cp312-cp312-musllinux_1_2_s390x.whl", hash = "sha256:1d1ad32d9d4355e2be65574fd0bfd3677e7066b009cd5b9b2dee8aa6a6393b33"},
    {file = "propcache-0.5.2-cp312-cp312-musllinux_1_2_x86_64.whl", hash = "sha256:c80f4ba3e8f00189165999a742ee526ebeccedf6c3f7beb0c7df821e9772435a"},
    {file = "propcache-0.5.2-cp312-cp312-win32.whl", hash = "sha256:8c7972d8f193740d9175f0998ab38717e6cd322d5935c5b0fef8c0d323fd9031"},
    {file = "propcache-0.5.2-cp312-cp312-win_amd64.whl", hash = "sha256:d9ee8826a7d47863a08ac44e1a5f611a462eefc3a194b492da242128bec75b42"},
    {file = "propcache-0.5.2-cp312-cp312-win_arm64.whl", hash = "sha256:2800a4a8ead6b28cccd1ec54b59346f0def7922ee1c7598e8499c733cfbb7c84"},
    {file = "propcache-0.5.2-py3-none-any.whl", hash = "sha256:be1ddfcbb376e3de5d2e2db1d58d6d67463e6b4f9f040c000de8e300295465fe"},
    {file = "propcache-0.5.2.tar.gz", hash = "sha256:01c4fc7480cd0598bb4b57022df55b9ca296da7fc5a8760bd8451a7e63a7d427"},
]

[[package]]
name = "pydantic"
version = "2.13.4"
requires_python = ">=3.9"
summary = "Data validation using Python type hints"
groups = ["default"]
dependencies = [
    "annotated-types>=0.6.0",
    "pydantic-core==2.46.4",
    "typing-extensions>=4.14.1",
    "typing-inspection>=0.4.2",
]
files = [
    {file = "pydantic-2.13.4-py3-none-any.whl", hash = "sha256:45a282cde31d808236fd7ea9d919b128653c8b38b393d1c4ab335c62924d9aba"},
    {file = "pydantic-2.13.4.tar.gz", hash = "sha256:c40756b57adaa8b1efeeced5c196f3f3b7c435f90e84ea7f443901bec8099ef6"},
]

[[package]]
name = "pydantic-core"
version = "2.46.4"
requires_python = ">=3.9"
summary = "Core functionality for Pydantic validation and serialization"
groups = ["default"]
dependencies = [
    "typing-extensions>=4.14.1",
]
files = [
    {file = "pydantic_core-2.46.4-cp312-cp312-macosx_10_12_x86_64.whl", hash = "sha256:3245406455a5d98187ec35530fd772b1d799b26667980872c8d4614991e2c4a2"},
    {file = "pydantic_core-2.46.4-cp312-cp312-macosx_11_0_arm64.whl", hash = "sha256:962ccbab7b642487b1d8b7df90ef677e03134cf1fd8880bf698649b22a69371f"},
    {file = "pydantic_core-2.46.4-cp312-cp312-manylinux_2_17_aarch64.manylinux2014_aarch64.whl", hash = "sha256:8233f2947cf85404441fd7e0085f53b10c93e0ee78611099b5c7237e36aacbf7"},
    {file = "pydantic_core-2.46.4-cp312-cp312-manylinux_2_17_armv7l.manylinux2014_armv7l.whl", hash = "sha256:3a233125ac121aa3ffba9a2b59edfc4a985a76092dc8279586ab4b71390875e7"},
    {file = "pydantic_core-2.46.4-cp312-cp312-manylinux_2_17_ppc64le.manylinux2014_ppc64le.whl", hash = "sha256:5b712b53160b79a5850310b912a5ef8e57e56947c8ad690c227f5c9d7e561712"},
    {file = "pydantic_core-2.46.4-cp312-cp312-manylinux_2_17_s390x.manylinux2014_s390x.whl", hash = "sha256:9401557acd873c3a7f3eb9383edef8ac4968f9510e340f4808d427e75667e7b4"},
    {file = "pydantic_core-2.46.4-cp312-cp312-manylinux_2_17_x86_64.manylinux2014_x86_64.whl", hash = "sha256:926c9541b14b12b1681dca8a0b75feb510b06c6341b70a8e500c2fdcff837cce"},
    {file = "pydantic_core-2.46.4-cp312-cp312-manylinux_2_31_riscv64.whl", hash = "sha256:56cb4851bcaf3d117eddcef4fe66afd750a50274b0da8e22be256d10e5611987"},
    {file = "pydantic_core-2.46.4-cp312-cp312-manylinux_2_5_i686.manylinux1_i686.whl", hash = "sha256:c68fcd102d71ea85c5b2dfac3f4f8476eff42a9e078fd5faefff6d145063536b"},
    {file = "pydantic_core-2.46.4-cp312-cp312-musllinux_1_1_aarch64.whl", hash = "sha256:b2f69dec1725e79a012d920df1707de5caf7ed5e08f3be4435e25803efc47458"},
    {file = "pydantic_core-2.46.4-cp312-cp312-musllinux_1_1_armv7l.whl", hash = "sha256:8d0820e8192167f80d88d64038e609c31452eeca865b4e1d9950a27a4609b00b"},
    {file = "pydantic_core-2.46.4-cp312-cp312-musllinux_1_1_x86_64.whl", hash = "sha256:fbdb89b3e1c94a30cc5edfce477c6e6a5dc4d8f84665b455c27582f211a1c72c"},
    {file = "pydantic_core-2.46.4-cp312-cp312-win32.whl", hash = "sha256:9aa768456404a8bf48a4406685ac2bec8e72b62c69313734fa3b73cf33b3a894"},
    {file = "pydantic_core-2.46.4-cp312-cp312-win_amd64.whl", hash = "sha256:e9c26f834c65f5752f3f06cb08cb86a913ceb7274d0db6e267808a708b46bc89"},
    {file = "pydantic_core-2.46.4-cp312-cp312-win_arm64.whl", hash = "sha256:4fc73cb559bdb54b1134a706a2802a4cddd27a0633f5abb7e53056268751ac6a"},
    {file = "pydantic_core-2.46.4.tar.gz", hash = "sha256:62f875393d7f270851f20523dd2e29f082bcc82292d66db2b64ea71f64b6e1c1"},
]

[[package]]
name = "pygments"
version = "2.20.0"
requires_python = ">=3.9"
summary = "Pygments is a syntax highlighting package written in Python."
groups = ["test"]
files = [
    {file = "pygments-2.20.0-py3-none-any.whl", hash = "sha256:81a9e26dd42fd28a23a2d169d86d7ac03b46e2f8b59ed4698fb4785f946d0176"},
    {file = "pygments-2.20.0.tar.gz", hash = "sha256:6757cd03768053ff99f3039c1a36d6c0aa0b263438fcab17520b30a303a82b5f"},
]

[[package]]
name = "pytest"
version = "9.0.3"
requires_python = ">=3.10"
summary = "pytest: simple powerful testing with Python"
groups = ["test"]
dependencies = [
    "colorama>=0.4; sys_platform == \"win32\"",
    "exceptiongroup>=1; python_version < \"3.11\"",
    "iniconfig>=1.0.1",
    "packaging>=22",
    "pluggy<2,>=1.5",
    "pygments>=2.7.2",
    "tomli>=1; python_version < \"3.11\"",
]
files = [
    {file = "pytest-9.0.3-py3-none-any.whl", hash = "sha256:2c5efc453d45394fdd706ade797c0a81091eccd1d6e4bccfcd476e2b8e0ab5d9"},
    {file = "pytest-9.0.3.tar.gz", hash = "sha256:b86ada508af81d19edeb213c681b1d48246c1a91d304c6c81a427674c17eb91c"},
]

[[package]]
name = "pytest-asyncio"
version = "1.3.0"
requires_python = ">=3.10"
summary = "Pytest support for asyncio"
groups = ["test"]
dependencies = [
    "backports-asyncio-runner<2,>=1.1; python_version < \"3.11\"",
    "pytest<10,>=8.2",
    "typing-extensions>=4.12; python_version < \"3.13\"",
]
files = [
    {file = "pytest_asyncio-1.3.0-py3-none-any.whl", hash = "sha256:611e26147c7f77640e6d0a92a38ed17c3e9848063698d5c93d5aa7aa11cebff5"},
    {file = "pytest_asyncio-1.3.0.tar.gz", hash = "sha256:d7f52f36d231b80ee124cd216ffb19369aa168fc10095013c6b014a34d3ee9e5"},
]

[[package]]
name = "pytest-cov"
version = "7.1.0"
requires_python = ">=3.9"
summary = "Pytest plugin for measuring coverage."
groups = ["test"]
dependencies = [
    "coverage[toml]>=7.10.6",
    "pluggy>=1.2",
    "pytest>=7",
]
files = [
    {file = "pytest_cov-7.1.0-py3-none-any.whl", hash = "sha256:a0461110b7865f9a271aa1b51e516c9a95de9d696734a2f71e3e78f46e1d4678"},
    {file = "pytest_cov-7.1.0.tar.gz", hash = "sha256:30674f2b5f6351aa09702a9c8c364f6a01c27aae0c1366ae8016160d1efc56b2"},
]

[[package]]
name = "pytest-mock"
version = "3.15.1"
requires_python = ">=3.9"
summary = "Thin-wrapper around the mock package for easier use with pytest"
groups = ["test"]
dependencies = [
    "pytest>=6.2.5",
]
files = [
    {file = "pytest_mock-3.15.1-py3-none-any.whl", hash = "sha256:0a25e2eb88fe5168d535041d09a4529a188176ae608a6d249ee65abc0949630d"},
    {file = "pytest_mock-3.15.1.tar.gz", hash = "sha256:1849a238f6f396da19762269de72cb1814ab44416fa73a8686deac10b0d87a0f"},
]

[[package]]
name = "python-dotenv"
version = "1.2.2"
requires_python = ">=3.10"
summary = "Read key-value pairs from a .env file and set them as environment variables"
groups = ["default"]
files = [
    {file = "python_dotenv-1.2.2-py3-none-any.whl", hash = "sha256:1d8214789a24de455a8b8bd8ae6fe3c6b69a5e3d64aa8a8e5d68e694bbcb285a"},
    {file = "python_dotenv-1.2.2.tar.gz", hash = "sha256:2c371a91fbd7ba082c2c1dc1f8bf89ca22564a087c2c287cd9b662adde799cf3"},
]

[[package]]
name = "redis"
version = "7.4.0"
requires_python = ">=3.10"
summary = "Python client for Redis database and key-value store"
groups = ["default"]
dependencies = [
    "async-timeout>=4.0.3; python_full_version < \"3.11.3\"",
]
files = [
    {file = "redis-7.4.0-py3-none-any.whl", hash = "sha256:a9c74a5c893a5ef8455a5adb793a31bb70feb821c86eccb62eebef5a19c429ec"},
    {file = "redis-7.4.0.tar.gz", hash = "sha256:64a6ea7bf567ad43c964d2c30d82853f8df927c5c9017766c55a1d1ed95d18ad"},
]

[[package]]
name = "starlette"
version = "1.0.0"
requires_python = ">=3.10"
summary = "The little ASGI library that shines."
groups = ["default"]
dependencies = [
    "anyio<5,>=3.6.2",
    "typing-extensions>=4.10.0; python_version < \"3.13\"",
]
files = [
    {file = "starlette-1.0.0-py3-none-any.whl", hash = "sha256:d3ec55e0bb321692d275455ddfd3df75fff145d009685eb40dc91fc66b03d38b"},
    {file = "starlette-1.0.0.tar.gz", hash = "sha256:6a4beaf1f81bb472fd19ea9b918b50dc3a77a6f2e190a12954b25e6ed5eea149"},
]

[[package]]
name = "typing-extensions"
version = "4.15.0"
requires_python = ">=3.9"
summary = "Backported and Experimental Type Hints for Python 3.9+"
groups = ["default", "test"]
files = [
    {file = "typing_extensions-4.15.0-py3-none-any.whl", hash = "sha256:f0fa19c6845758ab08074a0cfa8b7aecb71c999ca73d62883bc25cc018c4e548"},
    {file = "typing_extensions-4.15.0.tar.gz", hash = "sha256:0cea48d173cc12fa28ecabc3b837ea3cf6f38c6d1136f85cbaaf598984861466"},
]

[[package]]
name = "typing-inspection"
version = "0.4.2"
requires_python = ">=3.9"
summary = "Runtime typing introspection tools"
groups = ["default"]
dependencies = [
    "typing-extensions>=4.12.0",
]
files = [
    {file = "typing_inspection-0.4.2-py3-none-any.whl", hash = "sha256:4ed1cacbdc298c220f1bd249ed5287caa16f34d44ef4e9c3d0cbad5b521545e7"},
    {file = "typing_inspection-0.4.2.tar.gz", hash = "sha256:ba561c48a67c5958007083d386c3295464928b01faa735ab8547c5692e87f464"},
]

[[package]]
name = "uvicorn"
version = "0.46.0"
requires_python = ">=3.10"
summary = "The lightning-fast ASGI server."
groups = ["default"]
dependencies = [
    "click>=7.0",
    "h11>=0.8",
    "typing-extensions>=4.0; python_version < \"3.11\"",
]
files = [
    {file = "uvicorn-0.46.0-py3-none-any.whl", hash = "sha256:bbebbcbed972d162afca128605223022bedd345b7bc7855ce66deb31487a9048"},
    {file = "uvicorn-0.46.0.tar.gz", hash = "sha256:fb9da0926999cc6cb22dc7cd71a94a632f078e6ae47ff683c5c420750fb7413d"},
]

[[package]]
name = "yarl"
version = "1.23.0"
requires_python = ">=3.10"
summary = "Yet another URL library"
groups = ["default"]
dependencies = [
    "idna>=2.0",
    "multidict>=4.0",
    "propcache>=0.2.1",
]
files = [
    {file = "yarl-1.23.0-cp312-cp312-macosx_10_13_universal2.whl", hash = "sha256:1932b6b8bba8d0160a9d1078aae5838a66039e8832d41d2992daa9a3a08f7860"},
    {file = "yarl-1.23.0-cp312-cp312-macosx_10_13_x86_64.whl", hash = "sha256:411225bae281f114067578891bc75534cfb3d92a3b4dfef7a6ca78ba354e6069"},
    {file = "yarl-1.23.0-cp312-cp312-macosx_11_0_arm64.whl", hash = "sha256:13a563739ae600a631c36ce096615fe307f131344588b0bc0daec108cdb47b25"},
    {file = "yarl-1.23.0-cp312-cp312-manylinux2014_aarch64.manylinux_2_17_aarch64.manylinux_2_28_aarch64.whl", hash = "sha256:9cbf44c5cb4a7633d078788e1b56387e3d3cf2b8139a3be38040b22d6c3221c8"},
    {file = "yarl-1.23.0-cp312-cp312-manylinux2014_armv7l.manylinux_2_17_armv7l.manylinux_2_31_armv7l.whl", hash = "sha256:53ad387048f6f09a8969631e4de3f1bf70c50e93545d64af4f751b2498755072"},
    {file = "yarl-1.23.0-cp312-cp312-manylinux2014_ppc64le.manylinux_2_17_ppc64le.manylinux_2_28_ppc64le.whl", hash = "sha256:4a59ba56f340334766f3a4442e0efd0af895fae9e2b204741ef885c446b3a1a8"},
    {file = "yarl-1.23.0-cp312-cp312-manylinux2014_s390x.manylinux_2_17_s390x.manylinux_2_28_s390x.whl", hash = "sha256:803a3c3ce4acc62eaf01eaca1208dcf0783025ef27572c3336502b9c232005e7"},
    {file = "yarl-1.23.0-cp312-cp312-manylinux2014_x86_64.manylinux_2_17_x86_64.manylinux_2_28_x86_64.whl", hash = "sha256:a3d2bff8f37f8d0f96c7ec554d16945050d54462d6e95414babaa18bfafc7f51"},
    {file = "yarl-1.23.0-cp312-cp312-manylinux_2_31_riscv64.manylinux_2_39_riscv64.whl", hash = "sha256:c75eb09e8d55bceb4367e83496ff8ef2bc7ea6960efb38e978e8073ea59ecb67"},
    {file = "yarl-1.23.0-cp312-cp312-musllinux_1_2_aarch64.whl", hash = "sha256:877b0738624280e34c55680d6054a307aa94f7d52fa0e3034a9cc6e790871da7"},
    {file = "yarl-1.23.0-cp312-cp312-musllinux_1_2_armv7l.whl", hash = "sha256:b5405bb8f0e783a988172993cfc627e4d9d00432d6bbac65a923041edacf997d"},
    {file = "yarl-1.23.0-cp312-cp312-musllinux_1_2_ppc64le.whl", hash = "sha256:1c3a3598a832590c5a3ce56ab5576361b5688c12cb1d39429cf5dba30b510760"},
    {file = "yarl-1.23.0-cp312-cp312-musllinux_1_2_riscv64.whl", hash = "sha256:8419ebd326430d1cbb7efb5292330a2cf39114e82df5cc3d83c9a0d5ebeaf2f2"},
    {file = "yarl-1.23.0-cp312-cp312-musllinux_1_2_s390x.whl", hash = "sha256:be61f6fff406ca40e3b1d84716fde398fc08bc63dd96d15f3a14230a0973ed86"},
    {file = "yarl-1.23.0-cp312-cp312-musllinux_1_2_x86_64.whl", hash = "sha256:3ceb13c5c858d01321b5d9bb65e4cf37a92169ea470b70fec6f236b2c9dd7e34"},
    {file = "yarl-1.23.0-cp312-cp312-win32.whl", hash = "sha256:fffc45637bcd6538de8b85f51e3df3223e4ad89bccbfca0481c08c7fc8b7ed7d"},
    {file = "yarl-1.23.0-cp312-cp312-win_amd64.whl", hash = "sha256:f69f57305656a4852f2a7203efc661d8c042e6cc67f7acd97d8667fb448a426e"},
    {file = "yarl-1.23.0-cp312-cp312-win_arm64.whl", hash = "sha256:6e87a6e8735b44816e7db0b2fbc9686932df473c826b0d9743148432e10bb9b9"},
    {file = "yarl-1.23.0-py3-none-any.whl", hash = "sha256:a2df6afe50dea8ae15fa34c9f824a3ee958d785fd5d089063d960bae1daa0a3f"},
    {file = "yarl-1.23.0.tar.gz", hash = "sha256:53b1ea6ca88ebd4420379c330aea57e258408dd0df9af0992e5de2078dc9f5d5"},
]
